
Microsoft Visual Studio Solution File, Format Version 12.00
# Visual Studio 15
VisualStudioVersion = 15.0.26730.12
MinimumVisualStudioVersion = 10.0.40219.1
Project("{FAE04EC0-301F-11D3-BF4B-00C04F79EFBC}") = "WindowsFormsApp7", "WindowsFormsApp7\WindowsFormsApp7.csproj", "{EDF71034-EFC4-4A31-AF97-16A6E85EA65F}"
EndProject
Global
	GlobalSection(SolutionConfigurationPlatforms) = preSolution
		Debug|Any CPU = Debug|Any CPU
		Release|Any CPU = Release|Any CPU
	EndGlobalSection
	GlobalSection(ProjectConfigurationPlatforms) = postSolution
		{EDF71034-EFC4-4A31-AF97-16A6E85EA65F}.Debug|Any CPU.ActiveCfg = Debug|Any CPU
		{EDF71034-EFC4-4A31-AF97-16A6E85EA65F}.Debug|Any CPU.Build.0 = Debug|Any CPU
		{EDF71034-EFC4-4A31-AF97-16A6E85EA65F}.Release|Any CPU.ActiveCfg = Release|Any CPU
		{EDF71034-EFC4-4A31-AF97-16A6E85EA65F}.Release|Any CPU.Build.0 = Release|Any CPU
	EndGlobalSection
	GlobalSection(SolutionProperties) = preSolution
		HideSolutionNode = FALSE
	EndGlobalSection
	GlobalSection(ExtensibilityGlobals) = postSolution
		SolutionGuid = {DD64F807-02F0-40FF-A984-4E3E8C17A051}
	EndGlobalSection
EndGlobal
